<?xml version="1.0" encoding="utf-8"?>
<Project ToolsVersion="4.0" xmlns="http://schemas.microsoft.com/developer/msbuild/2003">
  <ItemGroup>
    <ClCompile Include="arch\default\sysinit.c" />
    <ClCompile Include="core\logging.c">
      <Filter>core</Filter>
    </ClCompile>
    <ClCompile Include="core\ltime.c">
      <Filter>core</Filter>
    </ClCompile>
    <ClCompile Include="core\system.c">
      <Filter>core</Filter>
    </ClCompile>
    <ClCompile Include="core\utils.c">
      <Filter>core</Filter>
    </ClCompile>
    <ClCompile Include="system\imdb.c">
      <Filter>system</Filter>
    </ClCompile>
    <ClCompile Include="system\services.c">
      <Filter>system</Filter>
    </ClCompile>
    <ClCompile Include="service\syslog.c">
      <Filter>service</Filter>
    </ClCompile>
    <ClCompile Include="service\udpctl.c">
      <Filter>service</Filter>
    </ClCompile>
    <ClCompile Include="service\lsh.c">
      <Filter>service</Filter>
    </ClCompile>
    <ClCompile Include="crypto\crc.c">
      <Filter>crypto</Filter>
    </ClCompile>
    <ClCompile Include="crypto\hmac.c">
      <Filter>crypto</Filter>
    </ClCompile>
    <ClCompile Include="crypto\md5.c">
      <Filter>crypto</Filter>
    </ClCompile>
    <ClCompile Include="crypto\sha1.c">
      <Filter>crypto</Filter>
    </ClCompile>
    <ClCompile Include="crypto\sha224-256.c">
      <Filter>crypto</Filter>
    </ClCompile>
    <ClCompile Include="crypto\usha.c">
      <Filter>crypto</Filter>
    </ClCompile>
    <ClCompile Include="proto\dtlv.c">
      <Filter>proto</Filter>
    </ClCompile>
    <ClCompile Include="misc\idxhash.c">
      <Filter>misc</Filter>
    </ClCompile>
  </ItemGroup>
  <ItemGroup>
    <ClInclude Include="include\arch\default\sysinit.h" />
    <ClInclude Include="include\core\logging.h">
      <Filter>core</Filter>
    </ClInclude>
    <ClInclude Include="include\core\ltime.h">
      <Filter>core</Filter>
    </ClInclude>
    <ClInclude Include="include\core\system.h">
      <Filter>core</Filter>
    </ClInclude>
    <ClInclude Include="include\core\utils.h">
      <Filter>core</Filter>
    </ClInclude>
    <ClInclude Include="include\core\config.h">
      <Filter>core</Filter>
    </ClInclude>
    <ClInclude Include="include\system\imdb.h">
      <Filter>system</Filter>
    </ClInclude>
    <ClInclude Include="include\system\services.h">
      <Filter>system</Filter>
    </ClInclude>
    <ClInclude Include="include\service\syslog.h">
      <Filter>service</Filter>
    </ClInclude>
    <ClInclude Include="include\service\udpctl.h">
      <Filter>service</Filter>
    </ClInclude>
    <ClInclude Include="include\service\lsh.h">
      <Filter>service</Filter>
    </ClInclude>
    <ClInclude Include="include\system\comavp.h">
      <Filter>system</Filter>
    </ClInclude>
    <ClInclude Include="include\crypto\crc.h">
      <Filter>crypto</Filter>
    </ClInclude>
    <ClInclude Include="include\crypto\md5.h">
      <Filter>crypto</Filter>
    </ClInclude>
    <ClInclude Include="include\crypto\sha.h">
      <Filter>crypto</Filter>
    </ClInclude>
    <ClInclude Include="include\crypto\sha-private.h">
      <Filter>crypto</Filter>
    </ClInclude>
    <ClInclude Include="include\proto\dtlv.h">
      <Filter>proto</Filter>
    </ClInclude>
    <ClInclude Include="include\misc\idxhash.h">
      <Filter>misc</Filter>
    </ClInclude>
  </ItemGroup>
  <ItemGroup>
    <Filter Include="core">
      <UniqueIdentifier>{09f6c6a9-f88e-4441-b38c-075a9f1ce4af}</UniqueIdentifier>
    </Filter>
    <Filter Include="system">
      <UniqueIdentifier>{f7bff068-f542-421a-b1be-90447ea37870}</UniqueIdentifier>
    </Filter>
    <Filter Include="service">
      <UniqueIdentifier>{734ab7f5-9706-495a-85cd-325412c2dc7f}</UniqueIdentifier>
    </Filter>
    <Filter Include="crypto">
      <UniqueIdentifier>{e79d91bb-fe25-42c5-aac1-cf83a83f884d}</UniqueIdentifier>
    </Filter>
    <Filter Include="proto">
      <UniqueIdentifier>{0bed002b-027a-4e7e-90a5-f5666431836f}</UniqueIdentifier>
    </Filter>
    <Filter Include="misc">
      <UniqueIdentifier>{57084aaa-6144-439b-85d8-9940dd301a14}</UniqueIdentifier>
    </Filter>
  </ItemGroup>
</Project>